
Microsoft Visual Studio Solution File, Format Version 12.00
# Visual Studio Version 16
VisualStudioVersion = 16.0.32901.82
MinimumVisualStudioVersion = 10.0.40219.1
Project("{FAE04EC0-301F-11D3-BF4B-00C04F79EFBC}") = "T8_DECG_1003122", "T8_DECG_1003122\T8_DECG_1003122.csproj", "{4DF2AA76-F624-4820-AF70-B0FA0A129151}"
EndProject
Global
	GlobalSection(SolutionConfigurationPlatforms) = preSolution
		Debug|Any CPU = Debug|Any CPU
		Release|Any CPU = Release|Any CPU
	EndGlobalSection
	GlobalSection(ProjectConfigurationPlatforms) = postSolution
		{4DF2AA76-F624-4820-AF70-B0FA0A129151}.Debug|Any CPU.ActiveCfg = Debug|Any CPU
		{4DF2AA76-F624-4820-AF70-B0FA0A129151}.Debug|Any CPU.Build.0 = Debug|Any CPU
		{4DF2AA76-F624-4820-AF70-B0FA0A129151}.Release|Any CPU.ActiveCfg = Release|Any CPU
		{4DF2AA76-F624-4820-AF70-B0FA0A129151}.Release|Any CPU.Build.0 = Release|Any CPU
	EndGlobalSection
	GlobalSection(SolutionProperties) = preSolution
		HideSolutionNode = FALSE
	EndGlobalSection
	GlobalSection(ExtensibilityGlobals) = postSolution
		SolutionGuid = {536C95BD-F0EB-4870-AB32-643081C435A9}
	EndGlobalSection
EndGlobal
